
Microsoft Visual Studio Solution File, Format Version 12.00
# Visual Studio 2013
VisualStudioVersion = 12.0.30723.0
MinimumVisualStudioVersion = 10.0.40219.1
Project("{2150E333-8FDC-42A3-9474-1A3956D46DE8}") = "Web", "Web", "{6EA28FE8-1524-4085-9F71-D3CA08834740}"
EndProject
Project("{2150E333-8FDC-42A3-9474-1A3956D46DE8}") = "Domain", "Domain", "{42CB03BC-B5FD-43E3-A93B-F210DA4A6F02}"
EndProject
Project("{2150E333-8FDC-42A3-9474-1A3956D46DE8}") = "Infrastructure", "Infrastructure", "{89CE1F2E-8B0E-418B-9E8A-639D72D6DA0F}"
EndProject
Project("{2150E333-8FDC-42A3-9474-1A3956D46DE8}") = "Services", "Services", "{175356A2-503E-4DFC-A606-F42463DB861A}"
EndProject
Project("{2150E333-8FDC-42A3-9474-1A3956D46DE8}") = "Tests", "Tests", "{98387189-286E-40BB-A318-E6BEBDA8BFC2}"
EndProject
Project("{FAE04EC0-301F-11D3-BF4B-00C04F79EFBC}") = "SADRI.Domain.Entities", "SADRI.Domain.Entities\SADRI.Domain.Entities.csproj", "{7A6AAE23-D1FD-4D11-82E1-EB7F51ACD73B}"
EndProject
Project("{FAE04EC0-301F-11D3-BF4B-00C04F79EFBC}") = "SADRI.Domain.Interfaces", "SADRI.Domain.Interfaces\SADRI.Domain.Interfaces.csproj", "{1FF160F3-2EED-4914-9353-AD37703ED994}"
EndProject
Project("{FAE04EC0-301F-11D3-BF4B-00C04F79EFBC}") = "SADRI.Infrastructure.Data", "SADRI.Infrastructure.Data\SADRI.Infrastructure.Data.csproj", "{F24CEC30-CB21-4E83-B2A7-300A257224A6}"
EndProject
Project("{FAE04EC0-301F-11D3-BF4B-00C04F79EFBC}") = "SADRI.Infrastructure.DependencyResolution", "SADRI.DependencyResolution\SADRI.Infrastructure.DependencyResolution.csproj", "{914395CF-F54A-4D8B-9D8D-7CEF24CF4D1E}"
EndProject
Project("{FAE04EC0-301F-11D3-BF4B-00C04F79EFBC}") = "SADRI.Infrastructure.Interfaces", "SADRI.Infrastructure.Interfaces\SADRI.Infrastructure.Interfaces.csproj", "{BFC38F63-5607-4DC0-803E-102D4F5478CD}"
EndProject
Project("{FAE04EC0-301F-11D3-BF4B-00C04F79EFBC}") = "SADRI.Infrastructure.Logging", "SADRI.Infrastructure.Logging\SADRI.Infrastructure.Logging.csproj", "{725E7DF6-605E-4F7D-A0A6-BA9759F906A6}"
EndProject
Project("{FAE04EC0-301F-11D3-BF4B-00C04F79EFBC}") = "SADRI.Services.Interfaces", "SADRI.Services.Interfaces\SADRI.Services.Interfaces.csproj", "{E9BA017C-0FCB-49E5-AFD3-EE8C53E0F083}"
EndProject
Project("{FAE04EC0-301F-11D3-BF4B-00C04F79EFBC}") = "SADRI.Web.Ui", "SADRI.Web.Ui\SADRI.Web.Ui.csproj", "{0140DE4C-B9DA-45C5-B1CD-46B909A8D362}"
EndProject
Global
	GlobalSection(SolutionConfigurationPlatforms) = preSolution
		Debug|Any CPU = Debug|Any CPU
		Release|Any CPU = Release|Any CPU
	EndGlobalSection
	GlobalSection(ProjectConfigurationPlatforms) = postSolution
		{7A6AAE23-D1FD-4D11-82E1-EB7F51ACD73B}.Debug|Any CPU.ActiveCfg = Debug|Any CPU
		{7A6AAE23-D1FD-4D11-82E1-EB7F51ACD73B}.Debug|Any CPU.Build.0 = Debug|Any CPU
		{7A6AAE23-D1FD-4D11-82E1-EB7F51ACD73B}.Release|Any CPU.ActiveCfg = Release|Any CPU
		{7A6AAE23-D1FD-4D11-82E1-EB7F51ACD73B}.Release|Any CPU.Build.0 = Release|Any CPU
		{1FF160F3-2EED-4914-9353-AD37703ED994}.Debug|Any CPU.ActiveCfg = Debug|Any CPU
		{1FF160F3-2EED-4914-9353-AD37703ED994}.Debug|Any CPU.Build.0 = Debug|Any CPU
		{1FF160F3-2EED-4914-9353-AD37703ED994}.Release|Any CPU.ActiveCfg = Release|Any CPU
		{1FF160F3-2EED-4914-9353-AD37703ED994}.Release|Any CPU.Build.0 = Release|Any CPU
		{F24CEC30-CB21-4E83-B2A7-300A257224A6}.Debug|Any CPU.ActiveCfg = Debug|Any CPU
		{F24CEC30-CB21-4E83-B2A7-300A257224A6}.Debug|Any CPU.Build.0 = Debug|Any CPU
		{F24CEC30-CB21-4E83-B2A7-300A257224A6}.Release|Any CPU.ActiveCfg = Release|Any CPU
		{F24CEC30-CB21-4E83-B2A7-300A257224A6}.Release|Any CPU.Build.0 = Release|Any CPU
		{914395CF-F54A-4D8B-9D8D-7CEF24CF4D1E}.Debug|Any CPU.ActiveCfg = Debug|Any CPU
		{914395CF-F54A-4D8B-9D8D-7CEF24CF4D1E}.Debug|Any CPU.Build.0 = Debug|Any CPU
		{914395CF-F54A-4D8B-9D8D-7CEF24CF4D1E}.Release|Any CPU.ActiveCfg = Release|Any CPU
		{914395CF-F54A-4D8B-9D8D-7CEF24CF4D1E}.Release|Any CPU.Build.0 = Release|Any CPU
		{BFC38F63-5607-4DC0-803E-102D4F5478CD}.Debug|Any CPU.ActiveCfg = Debug|Any CPU
		{BFC38F63-5607-4DC0-803E-102D4F5478CD}.Debug|Any CPU.Build.0 = Debug|Any CPU
		{BFC38F63-5607-4DC0-803E-102D4F5478CD}.Release|Any CPU.ActiveCfg = Release|Any CPU
		{BFC38F63-5607-4DC0-803E-102D4F5478CD}.Release|Any CPU.Build.0 = Release|Any CPU
		{725E7DF6-605E-4F7D-A0A6-BA9759F906A6}.Debug|Any CPU.ActiveCfg = Debug|Any CPU
		{725E7DF6-605E-4F7D-A0A6-BA9759F906A6}.Debug|Any CPU.Build.0 = Debug|Any CPU
		{725E7DF6-605E-4F7D-A0A6-BA9759F906A6}.Release|Any CPU.ActiveCfg = Release|Any CPU
		{725E7DF6-605E-4F7D-A0A6-BA9759F906A6}.Release|Any CPU.Build.0 = Release|Any CPU
		{E9BA017C-0FCB-49E5-AFD3-EE8C53E0F083}.Debug|Any CPU.ActiveCfg = Debug|Any CPU
		{E9BA017C-0FCB-49E5-AFD3-EE8C53E0F083}.Debug|Any CPU.Build.0 = Debug|Any CPU
		{E9BA017C-0FCB-49E5-AFD3-EE8C53E0F083}.Release|Any CPU.ActiveCfg = Release|Any CPU
		{E9BA017C-0FCB-49E5-AFD3-EE8C53E0F083}.Release|Any CPU.Build.0 = Release|Any CPU
		{0140DE4C-B9DA-45C5-B1CD-46B909A8D362}.Debug|Any CPU.ActiveCfg = Debug|Any CPU
		{0140DE4C-B9DA-45C5-B1CD-46B909A8D362}.Debug|Any CPU.Build.0 = Debug|Any CPU
		{0140DE4C-B9DA-45C5-B1CD-46B909A8D362}.Release|Any CPU.ActiveCfg = Release|Any CPU
		{0140DE4C-B9DA-45C5-B1CD-46B909A8D362}.Release|Any CPU.Build.0 = Release|Any CPU
	EndGlobalSection
	GlobalSection(SolutionProperties) = preSolution
		HideSolutionNode = FALSE
	EndGlobalSection
	GlobalSection(NestedProjects) = preSolution
		{7A6AAE23-D1FD-4D11-82E1-EB7F51ACD73B} = {42CB03BC-B5FD-43E3-A93B-F210DA4A6F02}
		{1FF160F3-2EED-4914-9353-AD37703ED994} = {42CB03BC-B5FD-43E3-A93B-F210DA4A6F02}
		{F24CEC30-CB21-4E83-B2A7-300A257224A6} = {89CE1F2E-8B0E-418B-9E8A-639D72D6DA0F}
		{914395CF-F54A-4D8B-9D8D-7CEF24CF4D1E} = {89CE1F2E-8B0E-418B-9E8A-639D72D6DA0F}
		{BFC38F63-5607-4DC0-803E-102D4F5478CD} = {89CE1F2E-8B0E-418B-9E8A-639D72D6DA0F}
		{725E7DF6-605E-4F7D-A0A6-BA9759F906A6} = {89CE1F2E-8B0E-418B-9E8A-639D72D6DA0F}
		{E9BA017C-0FCB-49E5-AFD3-EE8C53E0F083} = {175356A2-503E-4DFC-A606-F42463DB861A}
		{0140DE4C-B9DA-45C5-B1CD-46B909A8D362} = {6EA28FE8-1524-4085-9F71-D3CA08834740}
	EndGlobalSection
EndGlobal
